
Microsoft Visual Studio Solution File, Format Version 12.00
# Visual Studio Version 16
VisualStudioVersion = 16.0.30907.101
MinimumVisualStudioVersion = 10.0.40219.1
Project("{FAE04EC0-301F-11D3-BF4B-00C04F79EFBC}") = "DraconisCommands", "DraconisCommands\DraconisCommands.csproj", "{82871876-1A8C-4ACD-A104-D00F6A873B36}"
EndProject
Global
	GlobalSection(SolutionConfigurationPlatforms) = preSolution
		Debug|Any CPU = Debug|Any CPU
		Release|Any CPU = Release|Any CPU
	EndGlobalSection
	GlobalSection(ProjectConfigurationPlatforms) = postSolution
		{82871876-1A8C-4ACD-A104-D00F6A873B36}.Debug|Any CPU.ActiveCfg = Debug|Any CPU
		{82871876-1A8C-4ACD-A104-D00F6A873B36}.Debug|Any CPU.Build.0 = Debug|Any CPU
		{82871876-1A8C-4ACD-A104-D00F6A873B36}.Release|Any CPU.ActiveCfg = Release|Any CPU
		{82871876-1A8C-4ACD-A104-D00F6A873B36}.Release|Any CPU.Build.0 = Release|Any CPU
	EndGlobalSection
	GlobalSection(SolutionProperties) = preSolution
		HideSolutionNode = FALSE
	EndGlobalSection
	GlobalSection(ExtensibilityGlobals) = postSolution
		SolutionGuid = {32D07E1F-D21F-489C-AD94-AE539097640A}
	EndGlobalSection
EndGlobal
